
Microsoft Visual Studio Solution File, Format Version 12.00
# Visual Studio Version 17
VisualStudioVersion = 17.8.34330.188
MinimumVisualStudioVersion = 10.0.40219.1
Project("{9A19103F-16F7-4668-BE54-9A1E7A4F7556}") = "SomeFunction", "SomeFunction\SomeFunction.csproj", "{6A99130D-2580-4959-BC10-D4C2F6201898}"
EndProject
Project("{9A19103F-16F7-4668-BE54-9A1E7A4F7556}") = "SomeFunction.UnitTests", "SomeFunction.UnitTests\SomeFunction.UnitTests.csproj", "{76E92651-F799-4F62-A602-2B07D8C64768}"
EndProject
Project("{FAE04EC0-301F-11D3-BF4B-00C04F79EFBC}") = "FunctionApp1", "FunctionApp1\FunctionApp1.csproj", "{93753E4F-0B4D-45F1-8157-10E7FE65C94C}"
EndProject
Global
	GlobalSection(SolutionConfigurationPlatforms) = preSolution
		Debug|Any CPU = Debug|Any CPU
		Release|Any CPU = Release|Any CPU
	EndGlobalSection
	GlobalSection(ProjectConfigurationPlatforms) = postSolution
		{6A99130D-2580-4959-BC10-D4C2F6201898}.Debug|Any CPU.ActiveCfg = Debug|Any CPU
		{6A99130D-2580-4959-BC10-D4C2F6201898}.Debug|Any CPU.Build.0 = Debug|Any CPU
		{6A99130D-2580-4959-BC10-D4C2F6201898}.Release|Any CPU.ActiveCfg = Release|Any CPU
		{6A99130D-2580-4959-BC10-D4C2F6201898}.Release|Any CPU.Build.0 = Release|Any CPU
		{76E92651-F799-4F62-A602-2B07D8C64768}.Debug|Any CPU.ActiveCfg = Debug|Any CPU
		{76E92651-F799-4F62-A602-2B07D8C64768}.Debug|Any CPU.Build.0 = Debug|Any CPU
		{76E92651-F799-4F62-A602-2B07D8C64768}.Release|Any CPU.ActiveCfg = Release|Any CPU
		{76E92651-F799-4F62-A602-2B07D8C64768}.Release|Any CPU.Build.0 = Release|Any CPU
		{93753E4F-0B4D-45F1-8157-10E7FE65C94C}.Debug|Any CPU.ActiveCfg = Debug|Any CPU
		{93753E4F-0B4D-45F1-8157-10E7FE65C94C}.Debug|Any CPU.Build.0 = Debug|Any CPU
		{93753E4F-0B4D-45F1-8157-10E7FE65C94C}.Release|Any CPU.ActiveCfg = Release|Any CPU
		{93753E4F-0B4D-45F1-8157-10E7FE65C94C}.Release|Any CPU.Build.0 = Release|Any CPU
	EndGlobalSection
	GlobalSection(SolutionProperties) = preSolution
		HideSolutionNode = FALSE
	EndGlobalSection
	GlobalSection(ExtensibilityGlobals) = postSolution
		SolutionGuid = {9972A558-CEEA-4553-912F-F3386EE09C39}
	EndGlobalSection
EndGlobal
